
Microsoft Visual Studio Solution File, Format Version 12.00
# Visual Studio Version 16
VisualStudioVersion = 16.0.30114.105
MinimumVisualStudioVersion = 10.0.40219.1
Project("{2150E333-8FDC-42A3-9474-1A3956D46DE8}") = "Microservices", "Microservices", "{566EBD90-5647-4C7C-8E18-F07153EB2C3A}"
EndProject
Project("{2150E333-8FDC-42A3-9474-1A3956D46DE8}") = "Domain", "Domain", "{60D16050-9EA3-4FEC-A284-CAE89581AF85}"
EndProject
Project("{2150E333-8FDC-42A3-9474-1A3956D46DE8}") = "Infra.Bus", "Infra.Bus", "{3AAC9E8E-DCA1-43C6-9425-B7B55675AA9C}"
EndProject
Project("{2150E333-8FDC-42A3-9474-1A3956D46DE8}") = "Infra.IoC", "Infra.IoC", "{22A6FBDD-60F6-4724-91FC-C79F1C4F64C1}"
EndProject
Project("{2150E333-8FDC-42A3-9474-1A3956D46DE8}") = "Presentation", "Presentation", "{B058936D-ED08-4A71-897C-4624F0C175C8}"
EndProject
Project("{FAE04EC0-301F-11D3-BF4B-00C04F79EFBC}") = "MicroRabbit.Domain.Core", "MicroRabbit.Domain.Core\MicroRabbit.Domain.Core.csproj", "{6FA7BEAF-887B-4473-9534-43F6373A4E0A}"
EndProject
Project("{FAE04EC0-301F-11D3-BF4B-00C04F79EFBC}") = "MicroRabbit.Infra.Bus", "MicroRabbit.Infra.Bus\MicroRabbit.Infra.Bus.csproj", "{9B71C482-9436-4B23-8CE4-B4532FC608E2}"
EndProject
Project("{FAE04EC0-301F-11D3-BF4B-00C04F79EFBC}") = "MicroRabbit.Infra.IoC", "MicroRabbit.Infra.IoC\MicroRabbit.Infra.IoC.csproj", "{39439680-01B5-4A98-91E6-99162167D1AC}"
EndProject
Project("{2150E333-8FDC-42A3-9474-1A3956D46DE8}") = "Banking", "Banking", "{B6EC7EC0-9E40-45F3-A78E-93890E5FD35A}"
EndProject
Project("{2150E333-8FDC-42A3-9474-1A3956D46DE8}") = "Api", "Api", "{68A27E6E-7CB9-4580-8FDD-6539A4C732A2}"
EndProject
Project("{2150E333-8FDC-42A3-9474-1A3956D46DE8}") = "Domain", "Domain", "{D9EF2625-C4B1-4818-B79B-D678DA8AF4FE}"
EndProject
Project("{2150E333-8FDC-42A3-9474-1A3956D46DE8}") = "Application", "Application", "{DB91985A-7628-4A71-B23D-02C66D15737B}"
EndProject
Project("{2150E333-8FDC-42A3-9474-1A3956D46DE8}") = "Data", "Data", "{E5212151-EE47-4DED-A7ED-2BA5C3AFA943}"
EndProject
Project("{FAE04EC0-301F-11D3-BF4B-00C04F79EFBC}") = "MicroRabbit.Banking.Api", "MicroRabbit.Banking.Api\MicroRabbit.Banking.Api.csproj", "{F3694AD3-C302-4457-8B26-B672247A78AD}"
EndProject
Project("{FAE04EC0-301F-11D3-BF4B-00C04F79EFBC}") = "MicroRabbit.Banking.Application", "MicroRabbit.Banking.Application\MicroRabbit.Banking.Application.csproj", "{51C79B81-FB78-4D14-B29C-7885BC8F9087}"
EndProject
Project("{FAE04EC0-301F-11D3-BF4B-00C04F79EFBC}") = "MicroRabbit.Banking.Data", "MicroRabbit.Banking.Data\MicroRabbit.Banking.Data.csproj", "{384BC6F5-E65D-4DE3-86C1-170AE7BBF3C3}"
EndProject
Project("{FAE04EC0-301F-11D3-BF4B-00C04F79EFBC}") = "MicroRabbit.Banking.Domain", "MicroRabbit.Banking.Domain\MicroRabbit.Banking.Domain.csproj", "{887BA2AE-E90F-42C4-BFB8-C043E0627100}"
EndProject
Project("{2150E333-8FDC-42A3-9474-1A3956D46DE8}") = "Transfer", "Transfer", "{91199B9C-6634-4296-9CCA-C33FDFDB54B6}"
EndProject
Project("{2150E333-8FDC-42A3-9474-1A3956D46DE8}") = "Api", "Api", "{B902BF44-8D2B-4D73-8F62-FBF25840A422}"
EndProject
Project("{2150E333-8FDC-42A3-9474-1A3956D46DE8}") = "Application", "Application", "{EFBAF651-0ABC-4DAE-B470-FF9FA67DBC82}"
EndProject
Project("{2150E333-8FDC-42A3-9474-1A3956D46DE8}") = "Data", "Data", "{5B1488D1-555C-40C0-939A-FEC99FAE509D}"
EndProject
Project("{2150E333-8FDC-42A3-9474-1A3956D46DE8}") = "Domain", "Domain", "{132E0E42-F220-4828-8811-1295880380FE}"
EndProject
Project("{FAE04EC0-301F-11D3-BF4B-00C04F79EFBC}") = "MicroRabbit.Transfer.Api", "MicroRabbit.Transfer.Api\MicroRabbit.Transfer.Api.csproj", "{7FF16419-8EB5-48C3-BE77-094D5016642C}"
EndProject
Project("{FAE04EC0-301F-11D3-BF4B-00C04F79EFBC}") = "MicroRabbit.Transfer.Application", "MicroRabbit.Transfer.Application\MicroRabbit.Transfer.Application.csproj", "{E4EE0284-0D0A-46BD-949A-3498219D158E}"
EndProject
Project("{FAE04EC0-301F-11D3-BF4B-00C04F79EFBC}") = "MicroRabbit.Transfer.Data", "MicroRabbit.Transfer.Data\MicroRabbit.Transfer.Data.csproj", "{83CDC51A-9D7C-4B52-A4CB-B5D2C31D1BE1}"
EndProject
Project("{FAE04EC0-301F-11D3-BF4B-00C04F79EFBC}") = "MicroRabbit.Transfer.Domain", "MicroRabbit.Transfer.Domain\MicroRabbit.Transfer.Domain.csproj", "{B94F1665-92EF-4EE5-BAAA-716C9A8D4D7F}"
EndProject
Global
	GlobalSection(SolutionConfigurationPlatforms) = preSolution
		Debug|Any CPU = Debug|Any CPU
		Release|Any CPU = Release|Any CPU
	EndGlobalSection
	GlobalSection(ProjectConfigurationPlatforms) = postSolution
		{6FA7BEAF-887B-4473-9534-43F6373A4E0A}.Debug|Any CPU.ActiveCfg = Debug|Any CPU
		{6FA7BEAF-887B-4473-9534-43F6373A4E0A}.Debug|Any CPU.Build.0 = Debug|Any CPU
		{6FA7BEAF-887B-4473-9534-43F6373A4E0A}.Release|Any CPU.ActiveCfg = Release|Any CPU
		{6FA7BEAF-887B-4473-9534-43F6373A4E0A}.Release|Any CPU.Build.0 = Release|Any CPU
		{9B71C482-9436-4B23-8CE4-B4532FC608E2}.Debug|Any CPU.ActiveCfg = Debug|Any CPU
		{9B71C482-9436-4B23-8CE4-B4532FC608E2}.Debug|Any CPU.Build.0 = Debug|Any CPU
		{9B71C482-9436-4B23-8CE4-B4532FC608E2}.Release|Any CPU.ActiveCfg = Release|Any CPU
		{9B71C482-9436-4B23-8CE4-B4532FC608E2}.Release|Any CPU.Build.0 = Release|Any CPU
		{39439680-01B5-4A98-91E6-99162167D1AC}.Debug|Any CPU.ActiveCfg = Debug|Any CPU
		{39439680-01B5-4A98-91E6-99162167D1AC}.Debug|Any CPU.Build.0 = Debug|Any CPU
		{39439680-01B5-4A98-91E6-99162167D1AC}.Release|Any CPU.ActiveCfg = Release|Any CPU
		{39439680-01B5-4A98-91E6-99162167D1AC}.Release|Any CPU.Build.0 = Release|Any CPU
		{F3694AD3-C302-4457-8B26-B672247A78AD}.Debug|Any CPU.ActiveCfg = Debug|Any CPU
		{F3694AD3-C302-4457-8B26-B672247A78AD}.Debug|Any CPU.Build.0 = Debug|Any CPU
		{F3694AD3-C302-4457-8B26-B672247A78AD}.Release|Any CPU.ActiveCfg = Release|Any CPU
		{F3694AD3-C302-4457-8B26-B672247A78AD}.Release|Any CPU.Build.0 = Release|Any CPU
		{51C79B81-FB78-4D14-B29C-7885BC8F9087}.Debug|Any CPU.ActiveCfg = Debug|Any CPU
		{51C79B81-FB78-4D14-B29C-7885BC8F9087}.Debug|Any CPU.Build.0 = Debug|Any CPU
		{51C79B81-FB78-4D14-B29C-7885BC8F9087}.Release|Any CPU.ActiveCfg = Release|Any CPU
		{51C79B81-FB78-4D14-B29C-7885BC8F9087}.Release|Any CPU.Build.0 = Release|Any CPU
		{384BC6F5-E65D-4DE3-86C1-170AE7BBF3C3}.Debug|Any CPU.ActiveCfg = Debug|Any CPU
		{384BC6F5-E65D-4DE3-86C1-170AE7BBF3C3}.Debug|Any CPU.Build.0 = Debug|Any CPU
		{384BC6F5-E65D-4DE3-86C1-170AE7BBF3C3}.Release|Any CPU.ActiveCfg = Release|Any CPU
		{384BC6F5-E65D-4DE3-86C1-170AE7BBF3C3}.Release|Any CPU.Build.0 = Release|Any CPU
		{887BA2AE-E90F-42C4-BFB8-C043E0627100}.Debug|Any CPU.ActiveCfg = Debug|Any CPU
		{887BA2AE-E90F-42C4-BFB8-C043E0627100}.Debug|Any CPU.Build.0 = Debug|Any CPU
		{887BA2AE-E90F-42C4-BFB8-C043E0627100}.Release|Any CPU.ActiveCfg = Release|Any CPU
		{887BA2AE-E90F-42C4-BFB8-C043E0627100}.Release|Any CPU.Build.0 = Release|Any CPU
		{7FF16419-8EB5-48C3-BE77-094D5016642C}.Debug|Any CPU.ActiveCfg = Debug|Any CPU
		{7FF16419-8EB5-48C3-BE77-094D5016642C}.Debug|Any CPU.Build.0 = Debug|Any CPU
		{7FF16419-8EB5-48C3-BE77-094D5016642C}.Release|Any CPU.ActiveCfg = Release|Any CPU
		{7FF16419-8EB5-48C3-BE77-094D5016642C}.Release|Any CPU.Build.0 = Release|Any CPU
		{E4EE0284-0D0A-46BD-949A-3498219D158E}.Debug|Any CPU.ActiveCfg = Debug|Any CPU
		{E4EE0284-0D0A-46BD-949A-3498219D158E}.Debug|Any CPU.Build.0 = Debug|Any CPU
		{E4EE0284-0D0A-46BD-949A-3498219D158E}.Release|Any CPU.ActiveCfg = Release|Any CPU
		{E4EE0284-0D0A-46BD-949A-3498219D158E}.Release|Any CPU.Build.0 = Release|Any CPU
		{83CDC51A-9D7C-4B52-A4CB-B5D2C31D1BE1}.Debug|Any CPU.ActiveCfg = Debug|Any CPU
		{83CDC51A-9D7C-4B52-A4CB-B5D2C31D1BE1}.Debug|Any CPU.Build.0 = Debug|Any CPU
		{83CDC51A-9D7C-4B52-A4CB-B5D2C31D1BE1}.Release|Any CPU.ActiveCfg = Release|Any CPU
		{83CDC51A-9D7C-4B52-A4CB-B5D2C31D1BE1}.Release|Any CPU.Build.0 = Release|Any CPU
		{B94F1665-92EF-4EE5-BAAA-716C9A8D4D7F}.Debug|Any CPU.ActiveCfg = Debug|Any CPU
		{B94F1665-92EF-4EE5-BAAA-716C9A8D4D7F}.Debug|Any CPU.Build.0 = Debug|Any CPU
		{B94F1665-92EF-4EE5-BAAA-716C9A8D4D7F}.Release|Any CPU.ActiveCfg = Release|Any CPU
		{B94F1665-92EF-4EE5-BAAA-716C9A8D4D7F}.Release|Any CPU.Build.0 = Release|Any CPU
	EndGlobalSection
	GlobalSection(SolutionProperties) = preSolution
		HideSolutionNode = FALSE
	EndGlobalSection
	GlobalSection(NestedProjects) = preSolution
		{6FA7BEAF-887B-4473-9534-43F6373A4E0A} = {60D16050-9EA3-4FEC-A284-CAE89581AF85}
		{9B71C482-9436-4B23-8CE4-B4532FC608E2} = {3AAC9E8E-DCA1-43C6-9425-B7B55675AA9C}
		{39439680-01B5-4A98-91E6-99162167D1AC} = {22A6FBDD-60F6-4724-91FC-C79F1C4F64C1}
		{B6EC7EC0-9E40-45F3-A78E-93890E5FD35A} = {566EBD90-5647-4C7C-8E18-F07153EB2C3A}
		{68A27E6E-7CB9-4580-8FDD-6539A4C732A2} = {B6EC7EC0-9E40-45F3-A78E-93890E5FD35A}
		{D9EF2625-C4B1-4818-B79B-D678DA8AF4FE} = {B6EC7EC0-9E40-45F3-A78E-93890E5FD35A}
		{DB91985A-7628-4A71-B23D-02C66D15737B} = {B6EC7EC0-9E40-45F3-A78E-93890E5FD35A}
		{E5212151-EE47-4DED-A7ED-2BA5C3AFA943} = {B6EC7EC0-9E40-45F3-A78E-93890E5FD35A}
		{F3694AD3-C302-4457-8B26-B672247A78AD} = {68A27E6E-7CB9-4580-8FDD-6539A4C732A2}
		{51C79B81-FB78-4D14-B29C-7885BC8F9087} = {DB91985A-7628-4A71-B23D-02C66D15737B}
		{384BC6F5-E65D-4DE3-86C1-170AE7BBF3C3} = {E5212151-EE47-4DED-A7ED-2BA5C3AFA943}
		{887BA2AE-E90F-42C4-BFB8-C043E0627100} = {D9EF2625-C4B1-4818-B79B-D678DA8AF4FE}
		{91199B9C-6634-4296-9CCA-C33FDFDB54B6} = {566EBD90-5647-4C7C-8E18-F07153EB2C3A}
		{B902BF44-8D2B-4D73-8F62-FBF25840A422} = {91199B9C-6634-4296-9CCA-C33FDFDB54B6}
		{EFBAF651-0ABC-4DAE-B470-FF9FA67DBC82} = {91199B9C-6634-4296-9CCA-C33FDFDB54B6}
		{5B1488D1-555C-40C0-939A-FEC99FAE509D} = {91199B9C-6634-4296-9CCA-C33FDFDB54B6}
		{132E0E42-F220-4828-8811-1295880380FE} = {91199B9C-6634-4296-9CCA-C33FDFDB54B6}
		{7FF16419-8EB5-48C3-BE77-094D5016642C} = {B902BF44-8D2B-4D73-8F62-FBF25840A422}
		{E4EE0284-0D0A-46BD-949A-3498219D158E} = {EFBAF651-0ABC-4DAE-B470-FF9FA67DBC82}
		{83CDC51A-9D7C-4B52-A4CB-B5D2C31D1BE1} = {5B1488D1-555C-40C0-939A-FEC99FAE509D}
		{B94F1665-92EF-4EE5-BAAA-716C9A8D4D7F} = {132E0E42-F220-4828-8811-1295880380FE}
	EndGlobalSection
	GlobalSection(ExtensibilityGlobals) = postSolution
		SolutionGuid = {33C0D63C-319D-43A9-9AC8-843EE7532F66}
	EndGlobalSection
EndGlobal
