
Microsoft Visual Studio Solution File, Format Version 12.00
# Visual Studio Version 16
VisualStudioVersion = 16.0.30114.105
MinimumVisualStudioVersion = 10.0.40219.1
Project("{2150E333-8FDC-42A3-9474-1A3956D46DE8}") = "Microservices", "Microservices", "{566EBD90-5647-4C7C-8E18-F07153EB2C3A}"
EndProject
Project("{2150E333-8FDC-42A3-9474-1A3956D46DE8}") = "Domain", "Domain", "{60D16050-9EA3-4FEC-A284-CAE89581AF85}"
EndProject
Project("{2150E333-8FDC-42A3-9474-1A3956D46DE8}") = "Infra.Bus", "Infra.Bus", "{3AAC9E8E-DCA1-43C6-9425-B7B55675AA9C}"
EndProject
Project("{2150E333-8FDC-42A3-9474-1A3956D46DE8}") = "Infra.IoC", "Infra.IoC", "{22A6FBDD-60F6-4724-91FC-C79F1C4F64C1}"
EndProject
Project("{2150E333-8FDC-42A3-9474-1A3956D46DE8}") = "Presentation", "Presentation", "{B058936D-ED08-4A71-897C-4624F0C175C8}"
EndProject
Project("{FAE04EC0-301F-11D3-BF4B-00C04F79EFBC}") = "MicroRabbit.Domain.Core", "MicroRabbit.Domain.Core\MicroRabbit.Domain.Core.csproj", "{6FA7BEAF-887B-4473-9534-43F6373A4E0A}"
EndProject
Project("{FAE04EC0-301F-11D3-BF4B-00C04F79EFBC}") = "MicroRabbit.Infra.Bus", "MicroRabbit.Infra.Bus\MicroRabbit.Infra.Bus.csproj", "{9B71C482-9436-4B23-8CE4-B4532FC608E2}"
EndProject
Global
	GlobalSection(SolutionConfigurationPlatforms) = preSolution
		Debug|Any CPU = Debug|Any CPU
		Release|Any CPU = Release|Any CPU
	EndGlobalSection
	GlobalSection(ProjectConfigurationPlatforms) = postSolution
		{6FA7BEAF-887B-4473-9534-43F6373A4E0A}.Debug|Any CPU.ActiveCfg = Debug|Any CPU
		{6FA7BEAF-887B-4473-9534-43F6373A4E0A}.Debug|Any CPU.Build.0 = Debug|Any CPU
		{6FA7BEAF-887B-4473-9534-43F6373A4E0A}.Release|Any CPU.ActiveCfg = Release|Any CPU
		{6FA7BEAF-887B-4473-9534-43F6373A4E0A}.Release|Any CPU.Build.0 = Release|Any CPU
		{9B71C482-9436-4B23-8CE4-B4532FC608E2}.Debug|Any CPU.ActiveCfg = Debug|Any CPU
		{9B71C482-9436-4B23-8CE4-B4532FC608E2}.Debug|Any CPU.Build.0 = Debug|Any CPU
		{9B71C482-9436-4B23-8CE4-B4532FC608E2}.Release|Any CPU.ActiveCfg = Release|Any CPU
		{9B71C482-9436-4B23-8CE4-B4532FC608E2}.Release|Any CPU.Build.0 = Release|Any CPU
	EndGlobalSection
	GlobalSection(SolutionProperties) = preSolution
		HideSolutionNode = FALSE
	EndGlobalSection
	GlobalSection(NestedProjects) = preSolution
		{6FA7BEAF-887B-4473-9534-43F6373A4E0A} = {60D16050-9EA3-4FEC-A284-CAE89581AF85}
		{9B71C482-9436-4B23-8CE4-B4532FC608E2} = {3AAC9E8E-DCA1-43C6-9425-B7B55675AA9C}
	EndGlobalSection
	GlobalSection(ExtensibilityGlobals) = postSolution
		SolutionGuid = {33C0D63C-319D-43A9-9AC8-843EE7532F66}
	EndGlobalSection
EndGlobal
